// !$*UTF8*$!
{
	archiveVersion = 1;
	classes = {
	};
	objectVersion = 56;
	objects = {

/* Begin PBXBuildFile section */
		3F6D4BB32953A77300C2949F /* AppDelegate.swift in Sources */ = {isa = PBXBuildFile; fileRef = 3F6D4BB22953A77300C2949F /* AppDelegate.swift */; };
		3F6D4BB52953A77300C2949F /* SceneDelegate.swift in Sources */ = {isa = PBXBuildFile; fileRef = 3F6D4BB42953A77300C2949F /* SceneDelegate.swift */; };
		3F6D4BB72953A77300C2949F /* ViewController.swift in Sources */ = {isa = PBXBuildFile; fileRef = 3F6D4BB62953A77300C2949F /* ViewController.swift */; };
		3F6D4BBA2953A77300C2949F /* Main.storyboard in Resources */ = {isa = PBXBuildFile; fileRef = 3F6D4BB82953A77300C2949F /* Main.storyboard */; };
		3F6D4BBC2953A77500C2949F /* Assets.xcassets in Resources */ = {isa = PBXBuildFile; fileRef = 3F6D4BBB2953A77500C2949F /* Assets.xcassets */; };
		3F6D4BBF2953A77500C2949F /* LaunchScreen.storyboard in Resources */ = {isa = PBXBuildFile; fileRef = 3F6D4BBD2953A77500C2949F /* LaunchScreen.storyboard */; };
		3F6D4BC72953AB2400C2949F /* FlowerClassifier.mlmodel in Sources */ = {isa = PBXBuildFile; fileRef = 3F6D4BC62953AB2400C2949F /* FlowerClassifier.mlmodel */; };
		63BA2162EA2656A66F943A3D /* Pods_WhatFlower2.framework in Frameworks */ = {isa = PBXBuildFile; fileRef = BBD08DDF67753396D9B42203 /* Pods_WhatFlower2.framework */; };
/* End PBXBuildFile section */

/* Begin PBXFileReference section */
		3F6D4BAF2953A77300C2949F /* WhatFlower2.app */ = {isa = PBXFileReference; explicitFileType = wrapper.application; includeInIndex = 0; path = WhatFlower2.app; sourceTree = BUILT_PRODUCTS_DIR; };
		3F6D4BB22953A77300C2949F /* AppDelegate.swift */ = {isa = PBXFileReference; lastKnownFileType = sourcecode.swift; path = AppDelegate.swift; sourceTree = "<group>"; };
		3F6D4BB42953A77300C2949F /* SceneDelegate.swift */ = {isa = PBXFileReference; lastKnownFileType = sourcecode.swift; path = SceneDelegate.swift; sourceTree = "<group>"; };
		3F6D4BB62953A77300C2949F /* ViewController.swift */ = {isa = PBXFileReference; lastKnownFileType = sourcecode.swift; path = ViewController.swift; sourceTree = "<group>"; };
		3F6D4BB92953A77300C2949F /* Base */ = {isa = PBXFileReference; lastKnownFileType = file.storyboard; name = Base; path = Base.lproj/Main.storyboard; sourceTree = "<group>"; };
		3F6D4BBB2953A77500C2949F /* Assets.xcassets */ = {isa = PBXFileReference; lastKnownFileType = folder.assetcatalog; path = Assets.xcassets; sourceTree = "<group>"; };
		3F6D4BBE2953A77500C2949F /* Base */ = {isa = PBXFileReference; lastKnownFileType = file.storyboard; name = Base; path = Base.lproj/LaunchScreen.storyboard; sourceTree = "<group>"; };
		3F6D4BC02953A77500C2949F /* Info.plist */ = {isa = PBXFileReference; lastKnownFileType = text.plist.xml; path = Info.plist; sourceTree = "<group>"; };
		3F6D4BC62953AB2400C2949F /* FlowerClassifier.mlmodel */ = {isa = PBXFileReference; lastKnownFileType = file.mlmodel; path = FlowerClassifier.mlmodel; sourceTree = "<group>"; };
		6E82A8503CE3F428AEB2F83E /* Pods-WhatFlower2.release.xcconfig */ = {isa = PBXFileReference; includeInIndex = 1; lastKnownFileType = text.xcconfig; name = "Pods-WhatFlower2.release.xcconfig"; path = "Target Support Files/Pods-WhatFlower2/Pods-WhatFlower2.release.xcconfig"; sourceTree = "<group>"; };
		BBD08DDF67753396D9B42203 /* Pods_WhatFlower2.framework */ = {isa = PBXFileReference; explicitFileType = wrapper.framework; includeInIndex = 0; path = Pods_WhatFlower2.framework; sourceTree = BUILT_PRODUCTS_DIR; };
		EB65758C604F236BE4AC71E5 /* Pods-WhatFlower2.debug.xcconfig */ = {isa = PBXFileReference; includeInIndex = 1; lastKnownFileType = text.xcconfig; name = "Pods-WhatFlower2.debug.xcconfig"; path = "Target Support Files/Pods-WhatFlower2/Pods-WhatFlower2.debug.xcconfig"; sourceTree = "<group>"; };
/* End PBXFileReference section */

/* Begin PBXFrameworksBuildPhase section */
		3F6D4BAC2953A77300C2949F /* Frameworks */ = {
			isa = PBXFrameworksBuildPhase;
			buildActionMask = 2147483647;
			files = (
				63BA2162EA2656A66F943A3D /* Pods_WhatFlower2.framework in Frameworks */,
			);
			runOnlyForDeploymentPostprocessing = 0;
		};
/* End PBXFrameworksBuildPhase section */

/* Begin PBXGroup section */
		2B87FC9A898E1DB9907FEEBC /* Frameworks */ = {
			isa = PBXGroup;
			children = (
				BBD08DDF67753396D9B42203 /* Pods_WhatFlower2.framework */,
			);
			name = Frameworks;
			sourceTree = "<group>";
		};
		3F6D4BA62953A77300C2949F = {
			isa = PBXGroup;
			children = (
				3F6D4BB12953A77300C2949F /* WhatFlower2 */,
				3F6D4BB02953A77300C2949F /* Products */,
				2B87FC9A898E1DB9907FEEBC /* Frameworks */,
				7461F5B5D1AC934CA148C5BE /* Pods */,
			);
			sourceTree = "<group>";
		};
		3F6D4BB02953A77300C2949F /* Products */ = {
			isa = PBXGroup;
			children = (
				3F6D4BAF2953A77300C2949F /* WhatFlower2.app */,
			);
			name = Products;
			sourceTree = "<group>";
		};
		3F6D4BB12953A77300C2949F /* WhatFlower2 */ = {
			isa = PBXGroup;
			children = (
				3F6D4BB22953A77300C2949F /* AppDelegate.swift */,
				3F6D4BB42953A77300C2949F /* SceneDelegate.swift */,
				3F6D4BB62953A77300C2949F /* ViewController.swift */,
				3F6D4BB82953A77300C2949F /* Main.storyboard */,
				3F6D4BBB2953A77500C2949F /* Assets.xcassets */,
				3F6D4BBD2953A77500C2949F /* LaunchScreen.storyboard */,
				3F6D4BC02953A77500C2949F /* Info.plist */,
				3F6D4BC62953AB2400C2949F /* FlowerClassifier.mlmodel */,
			);
			path = WhatFlower2;
			sourceTree = "<group>";
		};
		7461F5B5D1AC934CA148C5BE /* Pods */ = {
			isa = PBXGroup;
			children = (
				EB65758C604F236BE4AC71E5 /* Pods-WhatFlower2.debug.xcconfig */,
				6E82A8503CE3F428AEB2F83E /* Pods-WhatFlower2.release.xcconfig */,
			);
			name = Pods;
			path = Pods;
			sourceTree = "<group>";
		};
/* End PBXGroup section */

/* Begin PBXNativeTarget section */
		3F6D4BAE2953A77300C2949F /* WhatFlower2 */ = {
			isa = PBXNativeTarget;
			buildConfigurationList = 3F6D4BC32953A77500C2949F /* Build configuration list for PBXNativeTarget "WhatFlower2" */;
			buildPhases = (
				D6D26D39E67DCF310E3ED64C /* [CP] Check Pods Manifest.lock */,
				3F6D4BAB2953A77300C2949F /* Sources */,
				3F6D4BAC2953A77300C2949F /* Frameworks */,
				3F6D4BAD2953A77300C2949F /* Resources */,
				2CAF4D9E2280D331D817EA8A /* [CP] Embed Pods Frameworks */,
			);
			buildRules = (
			);
			dependencies = (
			);
			name = WhatFlower2;
			productName = WhatFlower2;
			productReference = 3F6D4BAF2953A77300C2949F /* WhatFlower2.app */;
			productType = "com.apple.product-type.application";
		};
/* End PBXNativeTarget section */

/* Begin PBXProject section */
		3F6D4BA72953A77300C2949F /* Project object */ = {
			isa = PBXProject;
			attributes = {
				BuildIndependentTargetsInParallel = 1;
				LastSwiftUpdateCheck = 1400;
				LastUpgradeCheck = 1400;
				TargetAttributes = {
					3F6D4BAE2953A77300C2949F = {
						CreatedOnToolsVersion = 14.0;
					};
				};
			};
			buildConfigurationList = 3F6D4BAA2953A77300C2949F /* Build configuration list for PBXProject "WhatFlower2" */;
			compatibilityVersion = "Xcode 14.0";
			developmentRegion = en;
			hasScannedForEncodings = 0;
			knownRegions = (
				en,
				Base,
			);
			mainGroup = 3F6D4BA62953A77300C2949F;
			productRefGroup = 3F6D4BB02953A77300C2949F /* Products */;
			projectDirPath = "";
			projectRoot = "";
			targets = (
				3F6D4BAE2953A77300C2949F /* WhatFlower2 */,
			);
		};
/* End PBXProject section */

/* Begin PBXResourcesBuildPhase section */
		3F6D4BAD2953A77300C2949F /* Resources */ = {
			isa = PBXResourcesBuildPhase;
			buildActionMask = 2147483647;
			files = (
				3F6D4BBF2953A77500C2949F /* LaunchScreen.storyboard in Resources */,
				3F6D4BBC2953A77500C2949F /* Assets.xcassets in Resources */,
				3F6D4BBA2953A77300C2949F /* Main.storyboard in Resources */,
			);
			runOnlyForDeploymentPostprocessing = 0;
		};
/* End PBXResourcesBuildPhase section */

/* Begin PBXShellScriptBuildPhase section */
		2CAF4D9E2280D331D817EA8A /* [CP] Embed Pods Frameworks */ = {
			isa = PBXShellScriptBuildPhase;
			buildActionMask = 2147483647;
			files = (
			);
			inputFileListPaths = (
				"${PODS_ROOT}/Target Support Files/Pods-WhatFlower2/Pods-WhatFlower2-frameworks-${CONFIGURATION}-input-files.xcfilelist",
			);
			name = "[CP] Embed Pods Frameworks";
			outputFileListPaths = (
				"${PODS_ROOT}/Target Support Files/Pods-WhatFlower2/Pods-WhatFlower2-frameworks-${CONFIGURATION}-output-files.xcfilelist",
			);
			runOnlyForDeploymentPostprocessing = 0;
			shellPath = /bin/sh;
			shellScript = "\"${PODS_ROOT}/Target Support Files/Pods-WhatFlower2/Pods-WhatFlower2-frameworks.sh\"\n";
			showEnvVarsInLog = 0;
		};
		D6D26D39E67DCF310E3ED64C /* [CP] Check Pods Manifest.lock */ = {
			isa = PBXShellScriptBuildPhase;
			buildActionMask = 2147483647;
			files = (
			);
			inputFileListPaths = (
			);
			inputPaths = (
				"${PODS_PODFILE_DIR_PATH}/Podfile.lock",
				"${PODS_ROOT}/Manifest.lock",
			);
			name = "[CP] Check Pods Manifest.lock";
			outputFileListPaths = (
			);
			outputPaths = (
				"$(DERIVED_FILE_DIR)/Pods-WhatFlower2-checkManifestLockResult.txt",
			);
			runOnlyForDeploymentPostprocessing = 0;
			shellPath = /bin/sh;
			shellScript = "diff \"${PODS_PODFILE_DIR_PATH}/Podfile.lock\" \"${PODS_ROOT}/Manifest.lock\" > /dev/null\nif [ $? != 0 ] ; then\n    # print error to STDERR\n    echo \"error: The sandbox is not in sync with the Podfile.lock. Run 'pod install' or update your CocoaPods installation.\" >&2\n    exit 1\nfi\n# This output is used by Xcode 'outputs' to avoid re-running this script phase.\necho \"SUCCESS\" > \"${SCRIPT_OUTPUT_FILE_0}\"\n";
			showEnvVarsInLog = 0;
		};
/* End PBXShellScriptBuildPhase section */

/* Begin PBXSourcesBuildPhase section */
		3F6D4BAB2953A77300C2949F /* Sources */ = {
			isa = PBXSourcesBuildPhase;
			buildActionMask = 2147483647;
			files = (
				3F6D4BC72953AB2400C2949F /* FlowerClassifier.mlmodel in Sources */,
				3F6D4BB72953A77300C2949F /* ViewController.swift in Sources */,
				3F6D4BB32953A77300C2949F /* AppDelegate.swift in Sources */,
				3F6D4BB52953A77300C2949F /* SceneDelegate.swift in Sources */,
			);
			runOnlyForDeploymentPostprocessing = 0;
		};
/* End PBXSourcesBuildPhase section */

/* Begin PBXVariantGroup section */
		3F6D4BB82953A77300C2949F /* Main.storyboard */ = {
			isa = PBXVariantGroup;
			children = (
				3F6D4BB92953A77300C2949F /* Base */,
			);
			name = Main.storyboard;
			sourceTree = "<group>";
		};
		3F6D4BBD2953A77500C2949F /* LaunchScreen.storyboard */ = {
			isa = PBXVariantGroup;
			children = (
				3F6D4BBE2953A77500C2949F /* Base */,
			);
			name = LaunchScreen.storyboard;
			sourceTree = "<group>";
		};
/* End PBXVariantGroup section */

/* Begin XCBuildConfiguration section */
		3F6D4BC12953A77500C2949F /* Debug */ = {
			isa = XCBuildConfiguration;
			buildSettings = {
				ALWAYS_SEARCH_USER_PATHS = NO;
				CLANG_ANALYZER_NONNULL = YES;
				CLANG_ANALYZER_NUMBER_OBJECT_CONVERSION = YES_AGGRESSIVE;
				CLANG_CXX_LANGUAGE_STANDARD = "gnu++20";
				CLANG_ENABLE_MODULES = YES;
				CLANG_ENABLE_OBJC_ARC = YES;
				CLANG_ENABLE_OBJC_WEAK = YES;
				CLANG_WARN_BLOCK_CAPTURE_AUTORELEASING = YES;
				CLANG_WARN_BOOL_CONVERSION = YES;
				CLANG_WARN_COMMA = YES;
				CLANG_WARN_CONSTANT_CONVERSION = YES;
				CLANG_WARN_DEPRECATED_OBJC_IMPLEMENTATIONS = YES;
				CLANG_WARN_DIRECT_OBJC_ISA_USAGE = YES_ERROR;
				CLANG_WARN_DOCUMENTATION_COMMENTS = YES;
				CLANG_WARN_EMPTY_BODY = YES;
				CLANG_WARN_ENUM_CONVERSION = YES;
				CLANG_WARN_INFINITE_RECURSION = YES;
				CLANG_WARN_INT_CONVERSION = YES;
				CLANG_WARN_NON_LITERAL_NULL_CONVERSION = YES;
				CLANG_WARN_OBJC_IMPLICIT_RETAIN_SELF = YES;
				CLANG_WARN_OBJC_LITERAL_CONVERSION = YES;
				CLANG_WARN_OBJC_ROOT_CLASS = YES_ERROR;
				CLANG_WARN_QUOTED_INCLUDE_IN_FRAMEWORK_HEADER = YES;
				CLANG_WARN_RANGE_LOOP_ANALYSIS = YES;
				CLANG_WARN_STRICT_PROTOTYPES = YES;
				CLANG_WARN_SUSPICIOUS_MOVE = YES;
				CLANG_WARN_UNGUARDED_AVAILABILITY = YES_AGGRESSIVE;
				CLANG_WARN_UNREACHABLE_CODE = YES;
				CLANG_WARN__DUPLICATE_METHOD_MATCH = YES;
				COPY_PHASE_STRIP = NO;
				DEBUG_INFORMATION_FORMAT = dwarf;
				ENABLE_STRICT_OBJC_MSGSEND = YES;
				ENABLE_TESTABILITY = YES;
				GCC_C_LANGUAGE_STANDARD = gnu11;
				GCC_DYNAMIC_NO_PIC = NO;
				GCC_NO_COMMON_BLOCKS = YES;
				GCC_OPTIMIZATION_LEVEL = 0;
				GCC_PREPROCESSOR_DEFINITIONS = (
					"DEBUG=1",
					"$(inherited)",
				);
				GCC_WARN_64_TO_32_BIT_CONVERSION = YES;
				GCC_WARN_ABOUT_RETURN_TYPE = YES_ERROR;
				GCC_WARN_UNDECLARED_SELECTOR = YES;
				GCC_WARN_UNINITIALIZED_AUTOS = YES_AGGRESSIVE;
				GCC_WARN_UNUSED_FUNCTION = YES;
				GCC_WARN_UNUSED_VARIABLE = YES;
				IPHONEOS_DEPLOYMENT_TARGET = 16.0;
				MTL_ENABLE_DEBUG_INFO = INCLUDE_SOURCE;
				MTL_FAST_MATH = YES;
				ONLY_ACTIVE_ARCH = YES;
				SDKROOT = iphoneos;
				SWIFT_ACTIVE_COMPILATION_CONDITIONS = DEBUG;
				SWIFT_OPTIMIZATION_LEVEL = "-Onone";
			};
			name = Debug;
		};
		3F6D4BC22953A77500C2949F /* Release */ = {
			isa = XCBuildConfiguration;
			buildSettings = {
				ALWAYS_SEARCH_USER_PATHS = NO;
				CLANG_ANALYZER_NONNULL = YES;
				CLANG_ANALYZER_NUMBER_OBJECT_CONVERSION = YES_AGGRESSIVE;
				CLANG_CXX_LANGUAGE_STANDARD = "gnu++20";
				CLANG_ENABLE_MODULES = YES;
				CLANG_ENABLE_OBJC_ARC = YES;
				CLANG_ENABLE_OBJC_WEAK = YES;
				CLANG_WARN_BLOCK_CAPTURE_AUTORELEASING = YES;
				CLANG_WARN_BOOL_CONVERSION = YES;
				CLANG_WARN_COMMA = YES;
				CLANG_WARN_CONSTANT_CONVERSION = YES;
				CLANG_WARN_DEPRECATED_OBJC_IMPLEMENTATIONS = YES;
				CLANG_WARN_DIRECT_OBJC_ISA_USAGE = YES_ERROR;
				CLANG_WARN_DOCUMENTATION_COMMENTS = YES;
				CLANG_WARN_EMPTY_BODY = YES;
				CLANG_WARN_ENUM_CONVERSION = YES;
				CLANG_WARN_INFINITE_RECURSION = YES;
				CLANG_WARN_INT_CONVERSION = YES;
				CLANG_WARN_NON_LITERAL_NULL_CONVERSION = YES;
				CLANG_WARN_OBJC_IMPLICIT_RETAIN_SELF = YES;
				CLANG_WARN_OBJC_LITERAL_CONVERSION = YES;
				CLANG_WARN_OBJC_ROOT_CLASS = YES_ERROR;
				CLANG_WARN_QUOTED_INCLUDE_IN_FRAMEWORK_HEADER = YES;
				CLANG_WARN_RANGE_LOOP_ANALYSIS = YES;
				CLANG_WARN_STRICT_PROTOTYPES = YES;
				CLANG_WARN_SUSPICIOUS_MOVE = YES;
				CLANG_WARN_UNGUARDED_AVAILABILITY = YES_AGGRESSIVE;
				CLANG_WARN_UNREACHABLE_CODE = YES;
				CLANG_WARN__DUPLICATE_METHOD_MATCH = YES;
				COPY_PHASE_STRIP = NO;
				DEBUG_INFORMATION_FORMAT = "dwarf-with-dsym";
				ENABLE_NS_ASSERTIONS = NO;
				ENABLE_STRICT_OBJC_MSGSEND = YES;
				GCC_C_LANGUAGE_STANDARD = gnu11;
				GCC_NO_COMMON_BLOCKS = YES;
				GCC_WARN_64_TO_32_BIT_CONVERSION = YES;
				GCC_WARN_ABOUT_RETURN_TYPE = YES_ERROR;
				GCC_WARN_UNDECLARED_SELECTOR = YES;
				GCC_WARN_UNINITIALIZED_AUTOS = YES_AGGRESSIVE;
				GCC_WARN_UNUSED_FUNCTION = YES;
				GCC_WARN_UNUSED_VARIABLE = YES;
				IPHONEOS_DEPLOYMENT_TARGET = 16.0;
				MTL_ENABLE_DEBUG_INFO = NO;
				MTL_FAST_MATH = YES;
				SDKROOT = iphoneos;
				SWIFT_COMPILATION_MODE = wholemodule;
				SWIFT_OPTIMIZATION_LEVEL = "-O";
				VALIDATE_PRODUCT = YES;
			};
			name = Release;
		};
		3F6D4BC42953A77500C2949F /* Debug */ = {
			isa = XCBuildConfiguration;
			baseConfigurationReference = EB65758C604F236BE4AC71E5 /* Pods-WhatFlower2.debug.xcconfig */;
			buildSettings = {
				ASSETCATALOG_COMPILER_APPICON_NAME = AppIcon;
				ASSETCATALOG_COMPILER_GLOBAL_ACCENT_COLOR_NAME = AccentColor;
				CODE_SIGN_STYLE = Automatic;
				CURRENT_PROJECT_VERSION = 1;
				DEVELOPMENT_TEAM = 49FZ53KNL9;
				GENERATE_INFOPLIST_FILE = YES;
				INFOPLIST_FILE = WhatFlower2/Info.plist;
				INFOPLIST_KEY_UIApplicationSupportsIndirectInputEvents = YES;
				INFOPLIST_KEY_UILaunchStoryboardName = LaunchScreen;
				INFOPLIST_KEY_UIMainStoryboardFile = Main;
				INFOPLIST_KEY_UISupportedInterfaceOrientations_iPad = "UIInterfaceOrientationPortrait UIInterfaceOrientationPortraitUpsideDown UIInterfaceOrientationLandscapeLeft UIInterfaceOrientationLandscapeRight";
				INFOPLIST_KEY_UISupportedInterfaceOrientations_iPhone = "UIInterfaceOrientationPortrait UIInterfaceOrientationLandscapeLeft UIInterfaceOrientationLandscapeRight";
				LD_RUNPATH_SEARCH_PATHS = (
					"$(inherited)",
					"@executable_path/Frameworks",
				);
				MARKETING_VERSION = 1.0;
				PRODUCT_BUNDLE_IDENTIFIER = com.matson.WhatFlower2;
				PRODUCT_NAME = "$(TARGET_NAME)";
				SWIFT_EMIT_LOC_STRINGS = YES;
				SWIFT_VERSION = 5.0;
				TARGETED_DEVICE_FAMILY = "1,2";
			};
			name = Debug;
		};
		3F6D4BC52953A77500C2949F /* Release */ = {
			isa = XCBuildConfiguration;
			baseConfigurationReference = 6E82A8503CE3F428AEB2F83E /* Pods-WhatFlower2.release.xcconfig */;
			buildSettings = {
				ASSETCATALOG_COMPILER_APPICON_NAME = AppIcon;
				ASSETCATALOG_COMPILER_GLOBAL_ACCENT_COLOR_NAME = AccentColor;
				CODE_SIGN_STYLE = Automatic;
				CURRENT_PROJECT_VERSION = 1;
				DEVELOPMENT_TEAM = 49FZ53KNL9;
				GENERATE_INFOPLIST_FILE = YES;
				INFOPLIST_FILE = WhatFlower2/Info.plist;
				INFOPLIST_KEY_UIApplicationSupportsIndirectInputEvents = YES;
				INFOPLIST_KEY_UILaunchStoryboardName = LaunchScreen;
				INFOPLIST_KEY_UIMainStoryboardFile = Main;
				INFOPLIST_KEY_UISupportedInterfaceOrientations_iPad = "UIInterfaceOrientationPortrait UIInterfaceOrientationPortraitUpsideDown UIInterfaceOrientationLandscapeLeft UIInterfaceOrientationLandscapeRight";
				INFOPLIST_KEY_UISupportedInterfaceOrientations_iPhone = "UIInterfaceOrientationPortrait UIInterfaceOrientationLandscapeLeft UIInterfaceOrientationLandscapeRight";
				LD_RUNPATH_SEARCH_PATHS = (
					"$(inherited)",
					"@executable_path/Frameworks",
				);
				MARKETING_VERSION = 1.0;
				PRODUCT_BUNDLE_IDENTIFIER = com.matson.WhatFlower2;
				PRODUCT_NAME = "$(TARGET_NAME)";
				SWIFT_EMIT_LOC_STRINGS = YES;
				SWIFT_VERSION = 5.0;
				TARGETED_DEVICE_FAMILY = "1,2";
			};
			name = Release;
		};
/* End XCBuildConfiguration section */

/* Begin XCConfigurationList section */
		3F6D4BAA2953A77300C2949F /* Build configuration list for PBXProject "WhatFlower2" */ = {
			isa = XCConfigurationList;
			buildConfigurations = (
				3F6D4BC12953A77500C2949F /* Debug */,
				3F6D4BC22953A77500C2949F /* Release */,
			);
			defaultConfigurationIsVisible = 0;
			defaultConfigurationName = Release;
		};
		3F6D4BC32953A77500C2949F /* Build configuration list for PBXNativeTarget "WhatFlower2" */ = {
			isa = XCConfigurationList;
			buildConfigurations = (
				3F6D4BC42953A77500C2949F /* Debug */,
				3F6D4BC52953A77500C2949F /* Release */,
			);
			defaultConfigurationIsVisible = 0;
			defaultConfigurationName = Release;
		};
/* End XCConfigurationList section */
	};
	rootObject = 3F6D4BA72953A77300C2949F /* Project object */;
}
